
Microsoft Visual Studio Solution File, Format Version 12.00
# Visual Studio Version 17
VisualStudioVersion = 17.5.33516.290
MinimumVisualStudioVersion = 10.0.40219.1
Project("{8BC9CEB8-8B4A-11D0-8D11-00A0C91BC942}") = "01.참조자", "ConsoleApplication2\ConsoleApplication2.vcxproj", "{0B589897-B43A-4814-8395-118D5CA08877}"
EndProject
Project("{8BC9CEB8-8B4A-11D0-8D11-00A0C91BC942}") = "02.팻케어게임1", "ConsoleApplication1\ConsoleApplication1.vcxproj", "{26CDC4C0-D089-4A9D-BC6A-E1B00C529481}"
EndProject
Project("{8BC9CEB8-8B4A-11D0-8D11-00A0C91BC942}") = "03.Class란", "Class란\Class란.vcxproj", "{E06B9A8F-A02B-44DA-BF5F-6298D562C22A}"
EndProject
Project("{8BC9CEB8-8B4A-11D0-8D11-00A0C91BC942}") = "04.Class예제", "Class예제\Class예제.vcxproj", "{DDCE13CA-E3B1-4E95-A741-FB634BE30FD4}"
EndProject
Project("{8BC9CEB8-8B4A-11D0-8D11-00A0C91BC942}") = "06_2가상함수", "6.문자열핸들링클래스\6.문자열핸들링클래스.vcxproj", "{3E8B4C61-3082-450F-8F91-6F9EDE48453B}"
EndProject
Project("{8BC9CEB8-8B4A-11D0-8D11-00A0C91BC942}") = "05.마린", "Project1\Project1.vcxproj", "{7112CB2E-473D-4BAF-B9AD-2E5D163E36F7}"
EndProject
Project("{8BC9CEB8-8B4A-11D0-8D11-00A0C91BC942}") = "04_5스티링", "4_5스티링\4_5스티링.vcxproj", "{FFEADE8B-2B84-445D-94B4-55A37056D5A0}"
EndProject
Project("{8BC9CEB8-8B4A-11D0-8D11-00A0C91BC942}") = "04_6ExplicitMutable", "4_6ExplicitMutable\4_6ExplicitMutable.vcxproj", "{A1E70CBB-E437-4233-AF66-5E562944EC59}"
EndProject
Project("{8BC9CEB8-8B4A-11D0-8D11-00A0C91BC942}") = "05_1연산자오버로딩", "5_1연산자오버로딩\5_1연산자오버로딩.vcxproj", "{47E7D64C-9FCD-4CE5-93B3-98FDBB30983F}"
EndProject
Project("{8BC9CEB8-8B4A-11D0-8D11-00A0C91BC942}") = "05_3캐스팅과N배열", "5_3캐스팅\5_3캐스팅.vcxproj", "{ED85A14E-C60D-4220-9186-CEF9C2FCBF28}"
EndProject
Project("{8BC9CEB8-8B4A-11D0-8D11-00A0C91BC942}") = "06_1상속오버라이딩", "6_1상속\6_1상속.vcxproj", "{9423A6C0-EAC8-4FA5-98EE-0C3867D84204}"
EndProject
Project("{8BC9CEB8-8B4A-11D0-8D11-00A0C91BC942}") = "06_3가상함수_상속", "6_3가상함수_상속\6_3가상함수_상속.vcxproj", "{56CA4E1B-6FCF-452F-8A8E-30456E6CA315}"
EndProject
Project("{8BC9CEB8-8B4A-11D0-8D11-00A0C91BC942}") = "06_4다중상속", "6_4다중상속\6_4다중상속.vcxproj", "{D7991476-2802-47C0-A976-AC292580C730}"
EndProject
Project("{8BC9CEB8-8B4A-11D0-8D11-00A0C91BC942}") = "07_2형식플래그", "7_2형식플래그\7_2형식플래그.vcxproj", "{8BC8CFFC-4E3C-454C-93D0-7B7E9BF6F8F3}"
EndProject
Project("{8BC9CEB8-8B4A-11D0-8D11-00A0C91BC942}") = "15_1쓰레드뮤텍스CV", "15_1쓰레드\15_1쓰레드.vcxproj", "{6ECAC24B-AAA1-420C-AC63-36A7DA35A6DE}"
EndProject
Project("{8BC9CEB8-8B4A-11D0-8D11-00A0C91BC942}") = "10_1표준탬플릿", "10_1반복자\10_1반복자.vcxproj", "{E91F3524-F911-4432-BA2F-7DE6795C754E}"
EndProject
Project("{8BC9CEB8-8B4A-11D0-8D11-00A0C91BC942}") = "10_3알고리즘", "10_3알고리즘\10_3알고리즘.vcxproj", "{430424AD-C17B-43ED-9A7E-691240E5AB29}"
EndProject
Project("{8BC9CEB8-8B4A-11D0-8D11-00A0C91BC942}") = "11예외처리", "11예외처리\11예외처리.vcxproj", "{EFB5C37E-CE2D-4757-87FD-3211F5F15A2E}"
EndProject
Project("{8BC9CEB8-8B4A-11D0-8D11-00A0C91BC942}") = "12_1우측레퍼런스이동생성자", "12_1우측레퍼런스이동생성자\12_1우측레퍼런스이동생성자.vcxproj", "{A8369F1E-5381-4A21-A1B7-480AF98D33C9}"
EndProject
Project("{8BC9CEB8-8B4A-11D0-8D11-00A0C91BC942}") = "12_2좌측레퍼런스Move", "12_2Move\12_2Move.vcxproj", "{065738B5-DD6E-4191-B424-57FAAAD7035C}"
EndProject
Project("{8BC9CEB8-8B4A-11D0-8D11-00A0C91BC942}") = "13_1유니크포인터", "13_1유니크포인터\13_1유니크포인터.vcxproj", "{01352D6C-FF06-432C-B512-AB237B019D8F}"
EndProject
Project("{8BC9CEB8-8B4A-11D0-8D11-00A0C91BC942}") = "13_2자원공유포인터", "13_2자원공유포인터\13_2자원공유포인터.vcxproj", "{F41FE774-8771-4449-9D07-E9CE73F38D7A}"
EndProject
Project("{8BC9CEB8-8B4A-11D0-8D11-00A0C91BC942}") = "14함수객체", "14콜백함수\14콜백함수.vcxproj", "{9C9C16CE-BD89-4537-85F8-3680DB376723}"
EndProject
Project("{8BC9CEB8-8B4A-11D0-8D11-00A0C91BC942}") = "15_3아토믹", "15_2뮤텍스CV\15_2뮤텍스CV.vcxproj", "{BA200D2F-B7A2-4F58-AA10-AE2C609569AD}"
EndProject
Project("{8BC9CEB8-8B4A-11D0-8D11-00A0C91BC942}") = "15_4동기비동기", "15_4동기비동기\15_4동기비동기.vcxproj", "{DD593A36-0B56-4CA9-AB21-B1E266468275}"
EndProject
Project("{8BC9CEB8-8B4A-11D0-8D11-00A0C91BC942}") = "15_5쓰레드풀", "15_5쓰레드풀\15_5쓰레드풀.vcxproj", "{DE15E329-D4BB-4FD7-8698-BE00687A3B36}"
EndProject
Project("{8BC9CEB8-8B4A-11D0-8D11-00A0C91BC942}") = "16_1유니폼초기화", "16_1유니폼초기화\16_1유니폼초기화.vcxproj", "{FF7BF9DC-6D67-45A5-A98A-9B5751CE3AD9}"
EndProject
Project("{8BC9CEB8-8B4A-11D0-8D11-00A0C91BC942}") = "16_2상수식", "16_2상수식\16_2상수식.vcxproj", "{31A8DCA4-C2C8-4ACA-8352-D2849303945C}"
EndProject
Project("{8BC9CEB8-8B4A-11D0-8D11-00A0C91BC942}") = "16_3타입을알려줘", "16_3타입을알려줘\16_3타입을알려줘.vcxproj", "{7ECBD84C-7F79-4298-9F11-4BD740DCACF9}"
EndProject
Project("{8BC9CEB8-8B4A-11D0-8D11-00A0C91BC942}") = "17_1메타함수", "17_1메타함수\17_1메타함수.vcxproj", "{9784A31E-8457-4773-BC11-9BA0E785AC32}"
EndProject
Global
	GlobalSection(SolutionConfigurationPlatforms) = preSolution
		Debug|x64 = Debug|x64
		Debug|x86 = Debug|x86
		Release|x64 = Release|x64
		Release|x86 = Release|x86
	EndGlobalSection
	GlobalSection(ProjectConfigurationPlatforms) = postSolution
		{0B589897-B43A-4814-8395-118D5CA08877}.Debug|x64.ActiveCfg = Debug|x64
		{0B589897-B43A-4814-8395-118D5CA08877}.Debug|x64.Build.0 = Debug|x64
		{0B589897-B43A-4814-8395-118D5CA08877}.Debug|x86.ActiveCfg = Debug|Win32
		{0B589897-B43A-4814-8395-118D5CA08877}.Release|x64.ActiveCfg = Release|x64
		{0B589897-B43A-4814-8395-118D5CA08877}.Release|x64.Build.0 = Release|x64
		{0B589897-B43A-4814-8395-118D5CA08877}.Release|x86.ActiveCfg = Release|Win32
		{0B589897-B43A-4814-8395-118D5CA08877}.Release|x86.Build.0 = Release|Win32
		{26CDC4C0-D089-4A9D-BC6A-E1B00C529481}.Debug|x64.ActiveCfg = Debug|x64
		{26CDC4C0-D089-4A9D-BC6A-E1B00C529481}.Debug|x64.Build.0 = Debug|x64
		{26CDC4C0-D089-4A9D-BC6A-E1B00C529481}.Debug|x86.ActiveCfg = Debug|Win32
		{26CDC4C0-D089-4A9D-BC6A-E1B00C529481}.Debug|x86.Build.0 = Debug|Win32
		{26CDC4C0-D089-4A9D-BC6A-E1B00C529481}.Release|x64.ActiveCfg = Release|x64
		{26CDC4C0-D089-4A9D-BC6A-E1B00C529481}.Release|x64.Build.0 = Release|x64
		{26CDC4C0-D089-4A9D-BC6A-E1B00C529481}.Release|x86.ActiveCfg = Release|Win32
		{26CDC4C0-D089-4A9D-BC6A-E1B00C529481}.Release|x86.Build.0 = Release|Win32
		{E06B9A8F-A02B-44DA-BF5F-6298D562C22A}.Debug|x64.ActiveCfg = Debug|x64
		{E06B9A8F-A02B-44DA-BF5F-6298D562C22A}.Debug|x64.Build.0 = Debug|x64
		{E06B9A8F-A02B-44DA-BF5F-6298D562C22A}.Debug|x86.ActiveCfg = Debug|Win32
		{E06B9A8F-A02B-44DA-BF5F-6298D562C22A}.Debug|x86.Build.0 = Debug|Win32
		{E06B9A8F-A02B-44DA-BF5F-6298D562C22A}.Release|x64.ActiveCfg = Release|x64
		{E06B9A8F-A02B-44DA-BF5F-6298D562C22A}.Release|x64.Build.0 = Release|x64
		{E06B9A8F-A02B-44DA-BF5F-6298D562C22A}.Release|x86.ActiveCfg = Release|Win32
		{E06B9A8F-A02B-44DA-BF5F-6298D562C22A}.Release|x86.Build.0 = Release|Win32
		{DDCE13CA-E3B1-4E95-A741-FB634BE30FD4}.Debug|x64.ActiveCfg = Debug|x64
		{DDCE13CA-E3B1-4E95-A741-FB634BE30FD4}.Debug|x64.Build.0 = Debug|x64
		{DDCE13CA-E3B1-4E95-A741-FB634BE30FD4}.Debug|x86.ActiveCfg = Debug|Win32
		{DDCE13CA-E3B1-4E95-A741-FB634BE30FD4}.Debug|x86.Build.0 = Debug|Win32
		{DDCE13CA-E3B1-4E95-A741-FB634BE30FD4}.Release|x64.ActiveCfg = Release|x64
		{DDCE13CA-E3B1-4E95-A741-FB634BE30FD4}.Release|x64.Build.0 = Release|x64
		{DDCE13CA-E3B1-4E95-A741-FB634BE30FD4}.Release|x86.ActiveCfg = Release|Win32
		{DDCE13CA-E3B1-4E95-A741-FB634BE30FD4}.Release|x86.Build.0 = Release|Win32
		{3E8B4C61-3082-450F-8F91-6F9EDE48453B}.Debug|x64.ActiveCfg = Debug|x64
		{3E8B4C61-3082-450F-8F91-6F9EDE48453B}.Debug|x64.Build.0 = Debug|x64
		{3E8B4C61-3082-450F-8F91-6F9EDE48453B}.Debug|x86.ActiveCfg = Debug|Win32
		{3E8B4C61-3082-450F-8F91-6F9EDE48453B}.Debug|x86.Build.0 = Debug|Win32
		{3E8B4C61-3082-450F-8F91-6F9EDE48453B}.Release|x64.ActiveCfg = Release|x64
		{3E8B4C61-3082-450F-8F91-6F9EDE48453B}.Release|x64.Build.0 = Release|x64
		{3E8B4C61-3082-450F-8F91-6F9EDE48453B}.Release|x86.ActiveCfg = Release|Win32
		{3E8B4C61-3082-450F-8F91-6F9EDE48453B}.Release|x86.Build.0 = Release|Win32
		{7112CB2E-473D-4BAF-B9AD-2E5D163E36F7}.Debug|x64.ActiveCfg = Debug|x64
		{7112CB2E-473D-4BAF-B9AD-2E5D163E36F7}.Debug|x64.Build.0 = Debug|x64
		{7112CB2E-473D-4BAF-B9AD-2E5D163E36F7}.Debug|x86.ActiveCfg = Debug|Win32
		{7112CB2E-473D-4BAF-B9AD-2E5D163E36F7}.Debug|x86.Build.0 = Debug|Win32
		{7112CB2E-473D-4BAF-B9AD-2E5D163E36F7}.Release|x64.ActiveCfg = Release|x64
		{7112CB2E-473D-4BAF-B9AD-2E5D163E36F7}.Release|x64.Build.0 = Release|x64
		{7112CB2E-473D-4BAF-B9AD-2E5D163E36F7}.Release|x86.ActiveCfg = Release|Win32
		{7112CB2E-473D-4BAF-B9AD-2E5D163E36F7}.Release|x86.Build.0 = Release|Win32
		{FFEADE8B-2B84-445D-94B4-55A37056D5A0}.Debug|x64.ActiveCfg = Debug|x64
		{FFEADE8B-2B84-445D-94B4-55A37056D5A0}.Debug|x64.Build.0 = Debug|x64
		{FFEADE8B-2B84-445D-94B4-55A37056D5A0}.Debug|x86.ActiveCfg = Debug|Win32
		{FFEADE8B-2B84-445D-94B4-55A37056D5A0}.Debug|x86.Build.0 = Debug|Win32
		{FFEADE8B-2B84-445D-94B4-55A37056D5A0}.Release|x64.ActiveCfg = Release|x64
		{FFEADE8B-2B84-445D-94B4-55A37056D5A0}.Release|x64.Build.0 = Release|x64
		{FFEADE8B-2B84-445D-94B4-55A37056D5A0}.Release|x86.ActiveCfg = Release|Win32
		{FFEADE8B-2B84-445D-94B4-55A37056D5A0}.Release|x86.Build.0 = Release|Win32
		{A1E70CBB-E437-4233-AF66-5E562944EC59}.Debug|x64.ActiveCfg = Debug|x64
		{A1E70CBB-E437-4233-AF66-5E562944EC59}.Debug|x64.Build.0 = Debug|x64
		{A1E70CBB-E437-4233-AF66-5E562944EC59}.Debug|x86.ActiveCfg = Debug|Win32
		{A1E70CBB-E437-4233-AF66-5E562944EC59}.Debug|x86.Build.0 = Debug|Win32
		{A1E70CBB-E437-4233-AF66-5E562944EC59}.Release|x64.ActiveCfg = Release|x64
		{A1E70CBB-E437-4233-AF66-5E562944EC59}.Release|x64.Build.0 = Release|x64
		{A1E70CBB-E437-4233-AF66-5E562944EC59}.Release|x86.ActiveCfg = Release|Win32
		{A1E70CBB-E437-4233-AF66-5E562944EC59}.Release|x86.Build.0 = Release|Win32
		{47E7D64C-9FCD-4CE5-93B3-98FDBB30983F}.Debug|x64.ActiveCfg = Debug|x64
		{47E7D64C-9FCD-4CE5-93B3-98FDBB30983F}.Debug|x64.Build.0 = Debug|x64
		{47E7D64C-9FCD-4CE5-93B3-98FDBB30983F}.Debug|x86.ActiveCfg = Debug|Win32
		{47E7D64C-9FCD-4CE5-93B3-98FDBB30983F}.Debug|x86.Build.0 = Debug|Win32
		{47E7D64C-9FCD-4CE5-93B3-98FDBB30983F}.Release|x64.ActiveCfg = Release|x64
		{47E7D64C-9FCD-4CE5-93B3-98FDBB30983F}.Release|x64.Build.0 = Release|x64
		{47E7D64C-9FCD-4CE5-93B3-98FDBB30983F}.Release|x86.ActiveCfg = Release|Win32
		{47E7D64C-9FCD-4CE5-93B3-98FDBB30983F}.Release|x86.Build.0 = Release|Win32
		{ED85A14E-C60D-4220-9186-CEF9C2FCBF28}.Debug|x64.ActiveCfg = Debug|x64
		{ED85A14E-C60D-4220-9186-CEF9C2FCBF28}.Debug|x64.Build.0 = Debug|x64
		{ED85A14E-C60D-4220-9186-CEF9C2FCBF28}.Debug|x86.ActiveCfg = Debug|Win32
		{ED85A14E-C60D-4220-9186-CEF9C2FCBF28}.Debug|x86.Build.0 = Debug|Win32
		{ED85A14E-C60D-4220-9186-CEF9C2FCBF28}.Release|x64.ActiveCfg = Release|x64
		{ED85A14E-C60D-4220-9186-CEF9C2FCBF28}.Release|x64.Build.0 = Release|x64
		{ED85A14E-C60D-4220-9186-CEF9C2FCBF28}.Release|x86.ActiveCfg = Release|Win32
		{ED85A14E-C60D-4220-9186-CEF9C2FCBF28}.Release|x86.Build.0 = Release|Win32
		{9423A6C0-EAC8-4FA5-98EE-0C3867D84204}.Debug|x64.ActiveCfg = Debug|x64
		{9423A6C0-EAC8-4FA5-98EE-0C3867D84204}.Debug|x64.Build.0 = Debug|x64
		{9423A6C0-EAC8-4FA5-98EE-0C3867D84204}.Debug|x86.ActiveCfg = Debug|Win32
		{9423A6C0-EAC8-4FA5-98EE-0C3867D84204}.Debug|x86.Build.0 = Debug|Win32
		{9423A6C0-EAC8-4FA5-98EE-0C3867D84204}.Release|x64.ActiveCfg = Release|x64
		{9423A6C0-EAC8-4FA5-98EE-0C3867D84204}.Release|x64.Build.0 = Release|x64
		{9423A6C0-EAC8-4FA5-98EE-0C3867D84204}.Release|x86.ActiveCfg = Release|Win32
		{9423A6C0-EAC8-4FA5-98EE-0C3867D84204}.Release|x86.Build.0 = Release|Win32
		{56CA4E1B-6FCF-452F-8A8E-30456E6CA315}.Debug|x64.ActiveCfg = Debug|x64
		{56CA4E1B-6FCF-452F-8A8E-30456E6CA315}.Debug|x64.Build.0 = Debug|x64
		{56CA4E1B-6FCF-452F-8A8E-30456E6CA315}.Debug|x86.ActiveCfg = Debug|Win32
		{56CA4E1B-6FCF-452F-8A8E-30456E6CA315}.Debug|x86.Build.0 = Debug|Win32
		{56CA4E1B-6FCF-452F-8A8E-30456E6CA315}.Release|x64.ActiveCfg = Release|x64
		{56CA4E1B-6FCF-452F-8A8E-30456E6CA315}.Release|x64.Build.0 = Release|x64
		{56CA4E1B-6FCF-452F-8A8E-30456E6CA315}.Release|x86.ActiveCfg = Release|Win32
		{56CA4E1B-6FCF-452F-8A8E-30456E6CA315}.Release|x86.Build.0 = Release|Win32
		{D7991476-2802-47C0-A976-AC292580C730}.Debug|x64.ActiveCfg = Debug|x64
		{D7991476-2802-47C0-A976-AC292580C730}.Debug|x64.Build.0 = Debug|x64
		{D7991476-2802-47C0-A976-AC292580C730}.Debug|x86.ActiveCfg = Debug|Win32
		{D7991476-2802-47C0-A976-AC292580C730}.Debug|x86.Build.0 = Debug|Win32
		{D7991476-2802-47C0-A976-AC292580C730}.Release|x64.ActiveCfg = Release|x64
		{D7991476-2802-47C0-A976-AC292580C730}.Release|x64.Build.0 = Release|x64
		{D7991476-2802-47C0-A976-AC292580C730}.Release|x86.ActiveCfg = Release|Win32
		{D7991476-2802-47C0-A976-AC292580C730}.Release|x86.Build.0 = Release|Win32
		{8BC8CFFC-4E3C-454C-93D0-7B7E9BF6F8F3}.Debug|x64.ActiveCfg = Debug|x64
		{8BC8CFFC-4E3C-454C-93D0-7B7E9BF6F8F3}.Debug|x64.Build.0 = Debug|x64
		{8BC8CFFC-4E3C-454C-93D0-7B7E9BF6F8F3}.Debug|x86.ActiveCfg = Debug|Win32
		{8BC8CFFC-4E3C-454C-93D0-7B7E9BF6F8F3}.Debug|x86.Build.0 = Debug|Win32
		{8BC8CFFC-4E3C-454C-93D0-7B7E9BF6F8F3}.Release|x64.ActiveCfg = Release|x64
		{8BC8CFFC-4E3C-454C-93D0-7B7E9BF6F8F3}.Release|x64.Build.0 = Release|x64
		{8BC8CFFC-4E3C-454C-93D0-7B7E9BF6F8F3}.Release|x86.ActiveCfg = Release|Win32
		{8BC8CFFC-4E3C-454C-93D0-7B7E9BF6F8F3}.Release|x86.Build.0 = Release|Win32
		{6ECAC24B-AAA1-420C-AC63-36A7DA35A6DE}.Debug|x64.ActiveCfg = Debug|x64
		{6ECAC24B-AAA1-420C-AC63-36A7DA35A6DE}.Debug|x64.Build.0 = Debug|x64
		{6ECAC24B-AAA1-420C-AC63-36A7DA35A6DE}.Debug|x86.ActiveCfg = Debug|Win32
		{6ECAC24B-AAA1-420C-AC63-36A7DA35A6DE}.Debug|x86.Build.0 = Debug|Win32
		{6ECAC24B-AAA1-420C-AC63-36A7DA35A6DE}.Release|x64.ActiveCfg = Release|x64
		{6ECAC24B-AAA1-420C-AC63-36A7DA35A6DE}.Release|x64.Build.0 = Release|x64
		{6ECAC24B-AAA1-420C-AC63-36A7DA35A6DE}.Release|x86.ActiveCfg = Release|Win32
		{6ECAC24B-AAA1-420C-AC63-36A7DA35A6DE}.Release|x86.Build.0 = Release|Win32
		{E91F3524-F911-4432-BA2F-7DE6795C754E}.Debug|x64.ActiveCfg = Debug|x64
		{E91F3524-F911-4432-BA2F-7DE6795C754E}.Debug|x64.Build.0 = Debug|x64
		{E91F3524-F911-4432-BA2F-7DE6795C754E}.Debug|x86.ActiveCfg = Debug|Win32
		{E91F3524-F911-4432-BA2F-7DE6795C754E}.Debug|x86.Build.0 = Debug|Win32
		{E91F3524-F911-4432-BA2F-7DE6795C754E}.Release|x64.ActiveCfg = Release|x64
		{E91F3524-F911-4432-BA2F-7DE6795C754E}.Release|x64.Build.0 = Release|x64
		{E91F3524-F911-4432-BA2F-7DE6795C754E}.Release|x86.ActiveCfg = Release|Win32
		{E91F3524-F911-4432-BA2F-7DE6795C754E}.Release|x86.Build.0 = Release|Win32
		{430424AD-C17B-43ED-9A7E-691240E5AB29}.Debug|x64.ActiveCfg = Debug|x64
		{430424AD-C17B-43ED-9A7E-691240E5AB29}.Debug|x64.Build.0 = Debug|x64
		{430424AD-C17B-43ED-9A7E-691240E5AB29}.Debug|x86.ActiveCfg = Debug|Win32
		{430424AD-C17B-43ED-9A7E-691240E5AB29}.Debug|x86.Build.0 = Debug|Win32
		{430424AD-C17B-43ED-9A7E-691240E5AB29}.Release|x64.ActiveCfg = Release|x64
		{430424AD-C17B-43ED-9A7E-691240E5AB29}.Release|x64.Build.0 = Release|x64
		{430424AD-C17B-43ED-9A7E-691240E5AB29}.Release|x86.ActiveCfg = Release|Win32
		{430424AD-C17B-43ED-9A7E-691240E5AB29}.Release|x86.Build.0 = Release|Win32
		{EFB5C37E-CE2D-4757-87FD-3211F5F15A2E}.Debug|x64.ActiveCfg = Debug|x64
		{EFB5C37E-CE2D-4757-87FD-3211F5F15A2E}.Debug|x64.Build.0 = Debug|x64
		{EFB5C37E-CE2D-4757-87FD-3211F5F15A2E}.Debug|x86.ActiveCfg = Debug|Win32
		{EFB5C37E-CE2D-4757-87FD-3211F5F15A2E}.Debug|x86.Build.0 = Debug|Win32
		{EFB5C37E-CE2D-4757-87FD-3211F5F15A2E}.Release|x64.ActiveCfg = Release|x64
		{EFB5C37E-CE2D-4757-87FD-3211F5F15A2E}.Release|x64.Build.0 = Release|x64
		{EFB5C37E-CE2D-4757-87FD-3211F5F15A2E}.Release|x86.ActiveCfg = Release|Win32
		{EFB5C37E-CE2D-4757-87FD-3211F5F15A2E}.Release|x86.Build.0 = Release|Win32
		{A8369F1E-5381-4A21-A1B7-480AF98D33C9}.Debug|x64.ActiveCfg = Debug|x64
		{A8369F1E-5381-4A21-A1B7-480AF98D33C9}.Debug|x64.Build.0 = Debug|x64
		{A8369F1E-5381-4A21-A1B7-480AF98D33C9}.Debug|x86.ActiveCfg = Debug|Win32
		{A8369F1E-5381-4A21-A1B7-480AF98D33C9}.Debug|x86.Build.0 = Debug|Win32
		{A8369F1E-5381-4A21-A1B7-480AF98D33C9}.Release|x64.ActiveCfg = Release|x64
		{A8369F1E-5381-4A21-A1B7-480AF98D33C9}.Release|x64.Build.0 = Release|x64
		{A8369F1E-5381-4A21-A1B7-480AF98D33C9}.Release|x86.ActiveCfg = Release|Win32
		{A8369F1E-5381-4A21-A1B7-480AF98D33C9}.Release|x86.Build.0 = Release|Win32
		{065738B5-DD6E-4191-B424-57FAAAD7035C}.Debug|x64.ActiveCfg = Debug|x64
		{065738B5-DD6E-4191-B424-57FAAAD7035C}.Debug|x64.Build.0 = Debug|x64
		{065738B5-DD6E-4191-B424-57FAAAD7035C}.Debug|x86.ActiveCfg = Debug|Win32
		{065738B5-DD6E-4191-B424-57FAAAD7035C}.Debug|x86.Build.0 = Debug|Win32
		{065738B5-DD6E-4191-B424-57FAAAD7035C}.Release|x64.ActiveCfg = Release|x64
		{065738B5-DD6E-4191-B424-57FAAAD7035C}.Release|x64.Build.0 = Release|x64
		{065738B5-DD6E-4191-B424-57FAAAD7035C}.Release|x86.ActiveCfg = Release|Win32
		{065738B5-DD6E-4191-B424-57FAAAD7035C}.Release|x86.Build.0 = Release|Win32
		{01352D6C-FF06-432C-B512-AB237B019D8F}.Debug|x64.ActiveCfg = Debug|x64
		{01352D6C-FF06-432C-B512-AB237B019D8F}.Debug|x64.Build.0 = Debug|x64
		{01352D6C-FF06-432C-B512-AB237B019D8F}.Debug|x86.ActiveCfg = Debug|Win32
		{01352D6C-FF06-432C-B512-AB237B019D8F}.Debug|x86.Build.0 = Debug|Win32
		{01352D6C-FF06-432C-B512-AB237B019D8F}.Release|x64.ActiveCfg = Release|x64
		{01352D6C-FF06-432C-B512-AB237B019D8F}.Release|x64.Build.0 = Release|x64
		{01352D6C-FF06-432C-B512-AB237B019D8F}.Release|x86.ActiveCfg = Release|Win32
		{01352D6C-FF06-432C-B512-AB237B019D8F}.Release|x86.Build.0 = Release|Win32
		{F41FE774-8771-4449-9D07-E9CE73F38D7A}.Debug|x64.ActiveCfg = Debug|x64
		{F41FE774-8771-4449-9D07-E9CE73F38D7A}.Debug|x64.Build.0 = Debug|x64
		{F41FE774-8771-4449-9D07-E9CE73F38D7A}.Debug|x86.ActiveCfg = Debug|Win32
		{F41FE774-8771-4449-9D07-E9CE73F38D7A}.Debug|x86.Build.0 = Debug|Win32
		{F41FE774-8771-4449-9D07-E9CE73F38D7A}.Release|x64.ActiveCfg = Release|x64
		{F41FE774-8771-4449-9D07-E9CE73F38D7A}.Release|x64.Build.0 = Release|x64
		{F41FE774-8771-4449-9D07-E9CE73F38D7A}.Release|x86.ActiveCfg = Release|Win32
		{F41FE774-8771-4449-9D07-E9CE73F38D7A}.Release|x86.Build.0 = Release|Win32
		{9C9C16CE-BD89-4537-85F8-3680DB376723}.Debug|x64.ActiveCfg = Debug|x64
		{9C9C16CE-BD89-4537-85F8-3680DB376723}.Debug|x64.Build.0 = Debug|x64
		{9C9C16CE-BD89-4537-85F8-3680DB376723}.Debug|x86.ActiveCfg = Debug|Win32
		{9C9C16CE-BD89-4537-85F8-3680DB376723}.Debug|x86.Build.0 = Debug|Win32
		{9C9C16CE-BD89-4537-85F8-3680DB376723}.Release|x64.ActiveCfg = Release|x64
		{9C9C16CE-BD89-4537-85F8-3680DB376723}.Release|x64.Build.0 = Release|x64
		{9C9C16CE-BD89-4537-85F8-3680DB376723}.Release|x86.ActiveCfg = Release|Win32
		{9C9C16CE-BD89-4537-85F8-3680DB376723}.Release|x86.Build.0 = Release|Win32
		{BA200D2F-B7A2-4F58-AA10-AE2C609569AD}.Debug|x64.ActiveCfg = Debug|x64
		{BA200D2F-B7A2-4F58-AA10-AE2C609569AD}.Debug|x64.Build.0 = Debug|x64
		{BA200D2F-B7A2-4F58-AA10-AE2C609569AD}.Debug|x86.ActiveCfg = Debug|Win32
		{BA200D2F-B7A2-4F58-AA10-AE2C609569AD}.Debug|x86.Build.0 = Debug|Win32
		{BA200D2F-B7A2-4F58-AA10-AE2C609569AD}.Release|x64.ActiveCfg = Release|x64
		{BA200D2F-B7A2-4F58-AA10-AE2C609569AD}.Release|x64.Build.0 = Release|x64
		{BA200D2F-B7A2-4F58-AA10-AE2C609569AD}.Release|x86.ActiveCfg = Release|Win32
		{BA200D2F-B7A2-4F58-AA10-AE2C609569AD}.Release|x86.Build.0 = Release|Win32
		{DD593A36-0B56-4CA9-AB21-B1E266468275}.Debug|x64.ActiveCfg = Debug|x64
		{DD593A36-0B56-4CA9-AB21-B1E266468275}.Debug|x64.Build.0 = Debug|x64
		{DD593A36-0B56-4CA9-AB21-B1E266468275}.Debug|x86.ActiveCfg = Debug|Win32
		{DD593A36-0B56-4CA9-AB21-B1E266468275}.Debug|x86.Build.0 = Debug|Win32
		{DD593A36-0B56-4CA9-AB21-B1E266468275}.Release|x64.ActiveCfg = Release|x64
		{DD593A36-0B56-4CA9-AB21-B1E266468275}.Release|x64.Build.0 = Release|x64
		{DD593A36-0B56-4CA9-AB21-B1E266468275}.Release|x86.ActiveCfg = Release|Win32
		{DD593A36-0B56-4CA9-AB21-B1E266468275}.Release|x86.Build.0 = Release|Win32
		{DE15E329-D4BB-4FD7-8698-BE00687A3B36}.Debug|x64.ActiveCfg = Debug|x64
		{DE15E329-D4BB-4FD7-8698-BE00687A3B36}.Debug|x64.Build.0 = Debug|x64
		{DE15E329-D4BB-4FD7-8698-BE00687A3B36}.Debug|x86.ActiveCfg = Debug|Win32
		{DE15E329-D4BB-4FD7-8698-BE00687A3B36}.Debug|x86.Build.0 = Debug|Win32
		{DE15E329-D4BB-4FD7-8698-BE00687A3B36}.Release|x64.ActiveCfg = Release|x64
		{DE15E329-D4BB-4FD7-8698-BE00687A3B36}.Release|x64.Build.0 = Release|x64
		{DE15E329-D4BB-4FD7-8698-BE00687A3B36}.Release|x86.ActiveCfg = Release|Win32
		{DE15E329-D4BB-4FD7-8698-BE00687A3B36}.Release|x86.Build.0 = Release|Win32
		{FF7BF9DC-6D67-45A5-A98A-9B5751CE3AD9}.Debug|x64.ActiveCfg = Debug|x64
		{FF7BF9DC-6D67-45A5-A98A-9B5751CE3AD9}.Debug|x64.Build.0 = Debug|x64
		{FF7BF9DC-6D67-45A5-A98A-9B5751CE3AD9}.Debug|x86.ActiveCfg = Debug|Win32
		{FF7BF9DC-6D67-45A5-A98A-9B5751CE3AD9}.Debug|x86.Build.0 = Debug|Win32
		{FF7BF9DC-6D67-45A5-A98A-9B5751CE3AD9}.Release|x64.ActiveCfg = Release|x64
		{FF7BF9DC-6D67-45A5-A98A-9B5751CE3AD9}.Release|x64.Build.0 = Release|x64
		{FF7BF9DC-6D67-45A5-A98A-9B5751CE3AD9}.Release|x86.ActiveCfg = Release|Win32
		{FF7BF9DC-6D67-45A5-A98A-9B5751CE3AD9}.Release|x86.Build.0 = Release|Win32
		{31A8DCA4-C2C8-4ACA-8352-D2849303945C}.Debug|x64.ActiveCfg = Debug|x64
		{31A8DCA4-C2C8-4ACA-8352-D2849303945C}.Debug|x64.Build.0 = Debug|x64
		{31A8DCA4-C2C8-4ACA-8352-D2849303945C}.Debug|x86.ActiveCfg = Debug|Win32
		{31A8DCA4-C2C8-4ACA-8352-D2849303945C}.Debug|x86.Build.0 = Debug|Win32
		{31A8DCA4-C2C8-4ACA-8352-D2849303945C}.Release|x64.ActiveCfg = Release|x64
		{31A8DCA4-C2C8-4ACA-8352-D2849303945C}.Release|x64.Build.0 = Release|x64
		{31A8DCA4-C2C8-4ACA-8352-D2849303945C}.Release|x86.ActiveCfg = Release|Win32
		{31A8DCA4-C2C8-4ACA-8352-D2849303945C}.Release|x86.Build.0 = Release|Win32
		{7ECBD84C-7F79-4298-9F11-4BD740DCACF9}.Debug|x64.ActiveCfg = Debug|x64
		{7ECBD84C-7F79-4298-9F11-4BD740DCACF9}.Debug|x64.Build.0 = Debug|x64
		{7ECBD84C-7F79-4298-9F11-4BD740DCACF9}.Debug|x86.ActiveCfg = Debug|Win32
		{7ECBD84C-7F79-4298-9F11-4BD740DCACF9}.Debug|x86.Build.0 = Debug|Win32
		{7ECBD84C-7F79-4298-9F11-4BD740DCACF9}.Release|x64.ActiveCfg = Release|x64
		{7ECBD84C-7F79-4298-9F11-4BD740DCACF9}.Release|x64.Build.0 = Release|x64
		{7ECBD84C-7F79-4298-9F11-4BD740DCACF9}.Release|x86.ActiveCfg = Release|Win32
		{7ECBD84C-7F79-4298-9F11-4BD740DCACF9}.Release|x86.Build.0 = Release|Win32
		{9784A31E-8457-4773-BC11-9BA0E785AC32}.Debug|x64.ActiveCfg = Debug|x64
		{9784A31E-8457-4773-BC11-9BA0E785AC32}.Debug|x64.Build.0 = Debug|x64
		{9784A31E-8457-4773-BC11-9BA0E785AC32}.Debug|x86.ActiveCfg = Debug|Win32
		{9784A31E-8457-4773-BC11-9BA0E785AC32}.Debug|x86.Build.0 = Debug|Win32
		{9784A31E-8457-4773-BC11-9BA0E785AC32}.Release|x64.ActiveCfg = Release|x64
		{9784A31E-8457-4773-BC11-9BA0E785AC32}.Release|x64.Build.0 = Release|x64
		{9784A31E-8457-4773-BC11-9BA0E785AC32}.Release|x86.ActiveCfg = Release|Win32
		{9784A31E-8457-4773-BC11-9BA0E785AC32}.Release|x86.Build.0 = Release|Win32
	EndGlobalSection
	GlobalSection(SolutionProperties) = preSolution
		HideSolutionNode = FALSE
	EndGlobalSection
	GlobalSection(ExtensibilityGlobals) = postSolution
		SolutionGuid = {629B4860-938B-4252-BDC2-A4FFCE2C0A16}
	EndGlobalSection
EndGlobal
